// !$*UTF8*$!
{
	archiveVersion = 1;
	classes = {
	};
	objectVersion = 55;
	objects = {

/* Begin PBXBuildFile section */
		660C180B286C8A4900BBC500 /* AppDelegate.swift in Sources */ = {isa = PBXBuildFile; fileRef = 660C180A286C8A4900BBC500 /* AppDelegate.swift */; };
		660C180D286C8A4900BBC500 /* SceneDelegate.swift in Sources */ = {isa = PBXBuildFile; fileRef = 660C180C286C8A4900BBC500 /* SceneDelegate.swift */; };
		660C180F286C8A4900BBC500 /* ViewControllerPrincipal.swift in Sources */ = {isa = PBXBuildFile; fileRef = 660C180E286C8A4900BBC500 /* ViewControllerPrincipal.swift */; };
		660C1812286C8A4900BBC500 /* Main.storyboard in Resources */ = {isa = PBXBuildFile; fileRef = 660C1810286C8A4900BBC500 /* Main.storyboard */; };
		660C1814286C8A4D00BBC500 /* Assets.xcassets in Resources */ = {isa = PBXBuildFile; fileRef = 660C1813286C8A4D00BBC500 /* Assets.xcassets */; };
		660C1817286C8A4D00BBC500 /* LaunchScreen.storyboard in Resources */ = {isa = PBXBuildFile; fileRef = 660C1815286C8A4D00BBC500 /* LaunchScreen.storyboard */; };
		660C181F286C8F3B00BBC500 /* ViewControllerA.swift in Sources */ = {isa = PBXBuildFile; fileRef = 660C181E286C8F3B00BBC500 /* ViewControllerA.swift */; };
		660C1821286C8F4700BBC500 /* ViewControllerB.swift in Sources */ = {isa = PBXBuildFile; fileRef = 660C1820286C8F4700BBC500 /* ViewControllerB.swift */; };
		660C1823286C8F5400BBC500 /* ViewControllerC.swift in Sources */ = {isa = PBXBuildFile; fileRef = 660C1822286C8F5400BBC500 /* ViewControllerC.swift */; };
/* End PBXBuildFile section */

/* Begin PBXFileReference section */
		660C1807286C8A4800BBC500 /* ChooseWisely.app */ = {isa = PBXFileReference; explicitFileType = wrapper.application; includeInIndex = 0; path = ChooseWisely.app; sourceTree = BUILT_PRODUCTS_DIR; };
		660C180A286C8A4900BBC500 /* AppDelegate.swift */ = {isa = PBXFileReference; lastKnownFileType = sourcecode.swift; path = AppDelegate.swift; sourceTree = "<group>"; };
		660C180C286C8A4900BBC500 /* SceneDelegate.swift */ = {isa = PBXFileReference; lastKnownFileType = sourcecode.swift; path = SceneDelegate.swift; sourceTree = "<group>"; };
		660C180E286C8A4900BBC500 /* ViewControllerPrincipal.swift */ = {isa = PBXFileReference; lastKnownFileType = sourcecode.swift; path = ViewControllerPrincipal.swift; sourceTree = "<group>"; };
		660C1811286C8A4900BBC500 /* Base */ = {isa = PBXFileReference; lastKnownFileType = file.storyboard; name = Base; path = Base.lproj/Main.storyboard; sourceTree = "<group>"; };
		660C1813286C8A4D00BBC500 /* Assets.xcassets */ = {isa = PBXFileReference; lastKnownFileType = folder.assetcatalog; path = Assets.xcassets; sourceTree = "<group>"; };
		660C1816286C8A4D00BBC500 /* Base */ = {isa = PBXFileReference; lastKnownFileType = file.storyboard; name = Base; path = Base.lproj/LaunchScreen.storyboard; sourceTree = "<group>"; };
		660C1818286C8A4D00BBC500 /* Info.plist */ = {isa = PBXFileReference; lastKnownFileType = text.plist.xml; path = Info.plist; sourceTree = "<group>"; };
		660C181E286C8F3B00BBC500 /* ViewControllerA.swift */ = {isa = PBXFileReference; lastKnownFileType = sourcecode.swift; path = ViewControllerA.swift; sourceTree = "<group>"; };
		660C1820286C8F4700BBC500 /* ViewControllerB.swift */ = {isa = PBXFileReference; lastKnownFileType = sourcecode.swift; path = ViewControllerB.swift; sourceTree = "<group>"; };
		660C1822286C8F5400BBC500 /* ViewControllerC.swift */ = {isa = PBXFileReference; lastKnownFileType = sourcecode.swift; path = ViewControllerC.swift; sourceTree = "<group>"; };
/* End PBXFileReference section */

/* Begin PBXFrameworksBuildPhase section */
		660C1804286C8A4800BBC500 /* Frameworks */ = {
			isa = PBXFrameworksBuildPhase;
			buildActionMask = 2147483647;
			files = (
			);
			runOnlyForDeploymentPostprocessing = 0;
		};
/* End PBXFrameworksBuildPhase section */

/* Begin PBXGroup section */
		660C17FE286C8A4800BBC500 = {
			isa = PBXGroup;
			children = (
				660C1809286C8A4800BBC500 /* ChooseWisely */,
				660C1808286C8A4800BBC500 /* Products */,
			);
			sourceTree = "<group>";
		};
		660C1808286C8A4800BBC500 /* Products */ = {
			isa = PBXGroup;
			children = (
				660C1807286C8A4800BBC500 /* ChooseWisely.app */,
			);
			name = Products;
			sourceTree = "<group>";
		};
		660C1809286C8A4800BBC500 /* ChooseWisely */ = {
			isa = PBXGroup;
			children = (
				660C180A286C8A4900BBC500 /* AppDelegate.swift */,
				660C180C286C8A4900BBC500 /* SceneDelegate.swift */,
				660C180E286C8A4900BBC500 /* ViewControllerPrincipal.swift */,
				660C181E286C8F3B00BBC500 /* ViewControllerA.swift */,
				660C1820286C8F4700BBC500 /* ViewControllerB.swift */,
				660C1822286C8F5400BBC500 /* ViewControllerC.swift */,
				660C1810286C8A4900BBC500 /* Main.storyboard */,
				660C1813286C8A4D00BBC500 /* Assets.xcassets */,
				660C1815286C8A4D00BBC500 /* LaunchScreen.storyboard */,
				660C1818286C8A4D00BBC500 /* Info.plist */,
			);
			path = ChooseWisely;
			sourceTree = "<group>";
		};
/* End PBXGroup section */

/* Begin PBXNativeTarget section */
		660C1806286C8A4800BBC500 /* ChooseWisely */ = {
			isa = PBXNativeTarget;
			buildConfigurationList = 660C181B286C8A4D00BBC500 /* Build configuration list for PBXNativeTarget "ChooseWisely" */;
			buildPhases = (
				660C1803286C8A4800BBC500 /* Sources */,
				660C1804286C8A4800BBC500 /* Frameworks */,
				660C1805286C8A4800BBC500 /* Resources */,
			);
			buildRules = (
			);
			dependencies = (
			);
			name = ChooseWisely;
			productName = ChooseWisely;
			productReference = 660C1807286C8A4800BBC500 /* ChooseWisely.app */;
			productType = "com.apple.product-type.application";
		};
/* End PBXNativeTarget section */

/* Begin PBXProject section */
		660C17FF286C8A4800BBC500 /* Project object */ = {
			isa = PBXProject;
			attributes = {
				BuildIndependentTargetsInParallel = 1;
				LastSwiftUpdateCheck = 1340;
				LastUpgradeCheck = 1340;
				TargetAttributes = {
					660C1806286C8A4800BBC500 = {
						CreatedOnToolsVersion = 13.4.1;
					};
				};
			};
			buildConfigurationList = 660C1802286C8A4800BBC500 /* Build configuration list for PBXProject "ChooseWisely" */;
			compatibilityVersion = "Xcode 13.0";
			developmentRegion = en;
			hasScannedForEncodings = 0;
			knownRegions = (
				en,
				Base,
			);
			mainGroup = 660C17FE286C8A4800BBC500;
			productRefGroup = 660C1808286C8A4800BBC500 /* Products */;
			projectDirPath = "";
			projectRoot = "";
			targets = (
				660C1806286C8A4800BBC500 /* ChooseWisely */,
			);
		};
/* End PBXProject section */

/* Begin PBXResourcesBuildPhase section */
		660C1805286C8A4800BBC500 /* Resources */ = {
			isa = PBXResourcesBuildPhase;
			buildActionMask = 2147483647;
			files = (
				660C1817286C8A4D00BBC500 /* LaunchScreen.storyboard in Resources */,
				660C1814286C8A4D00BBC500 /* Assets.xcassets in Resources */,
				660C1812286C8A4900BBC500 /* Main.storyboard in Resources */,
			);
			runOnlyForDeploymentPostprocessing = 0;
		};
/* End PBXResourcesBuildPhase section */

/* Begin PBXSourcesBuildPhase section */
		660C1803286C8A4800BBC500 /* Sources */ = {
			isa = PBXSourcesBuildPhase;
			buildActionMask = 2147483647;
			files = (
				660C1823286C8F5400BBC500 /* ViewControllerC.swift in Sources */,
				660C181F286C8F3B00BBC500 /* ViewControllerA.swift in Sources */,
				660C180F286C8A4900BBC500 /* ViewControllerPrincipal.swift in Sources */,
				660C1821286C8F4700BBC500 /* ViewControllerB.swift in Sources */,
				660C180B286C8A4900BBC500 /* AppDelegate.swift in Sources */,
				660C180D286C8A4900BBC500 /* SceneDelegate.swift in Sources */,
			);
			runOnlyForDeploymentPostprocessing = 0;
		};
/* End PBXSourcesBuildPhase section */

/* Begin PBXVariantGroup section */
		660C1810286C8A4900BBC500 /* Main.storyboard */ = {
			isa = PBXVariantGroup;
			children = (
				660C1811286C8A4900BBC500 /* Base */,
			);
			name = Main.storyboard;
			sourceTree = "<group>";
		};
		660C1815286C8A4D00BBC500 /* LaunchScreen.storyboard */ = {
			isa = PBXVariantGroup;
			children = (
				660C1816286C8A4D00BBC500 /* Base */,
			);
			name = LaunchScreen.storyboard;
			sourceTree = "<group>";
		};
/* End PBXVariantGroup section */

/* Begin XCBuildConfiguration section */
		660C1819286C8A4D00BBC500 /* Debug */ = {
			isa = XCBuildConfiguration;
			buildSettings = {
				ALWAYS_SEARCH_USER_PATHS = NO;
				CLANG_ANALYZER_NONNULL = YES;
				CLANG_ANALYZER_NUMBER_OBJECT_CONVERSION = YES_AGGRESSIVE;
				CLANG_CXX_LANGUAGE_STANDARD = "gnu++17";
				CLANG_ENABLE_MODULES = YES;
				CLANG_ENABLE_OBJC_ARC = YES;
				CLANG_ENABLE_OBJC_WEAK = YES;
				CLANG_WARN_BLOCK_CAPTURE_AUTORELEASING = YES;
				CLANG_WARN_BOOL_CONVERSION = YES;
				CLANG_WARN_COMMA = YES;
				CLANG_WARN_CONSTANT_CONVERSION = YES;
				CLANG_WARN_DEPRECATED_OBJC_IMPLEMENTATIONS = YES;
				CLANG_WARN_DIRECT_OBJC_ISA_USAGE = YES_ERROR;
				CLANG_WARN_DOCUMENTATION_COMMENTS = YES;
				CLANG_WARN_EMPTY_BODY = YES;
				CLANG_WARN_ENUM_CONVERSION = YES;
				CLANG_WARN_INFINITE_RECURSION = YES;
				CLANG_WARN_INT_CONVERSION = YES;
				CLANG_WARN_NON_LITERAL_NULL_CONVERSION = YES;
				CLANG_WARN_OBJC_IMPLICIT_RETAIN_SELF = YES;
				CLANG_WARN_OBJC_LITERAL_CONVERSION = YES;
				CLANG_WARN_OBJC_ROOT_CLASS = YES_ERROR;
				CLANG_WARN_QUOTED_INCLUDE_IN_FRAMEWORK_HEADER = YES;
				CLANG_WARN_RANGE_LOOP_ANALYSIS = YES;
				CLANG_WARN_STRICT_PROTOTYPES = YES;
				CLANG_WARN_SUSPICIOUS_MOVE = YES;
				CLANG_WARN_UNGUARDED_AVAILABILITY = YES_AGGRESSIVE;
				CLANG_WARN_UNREACHABLE_CODE = YES;
				CLANG_WARN__DUPLICATE_METHOD_MATCH = YES;
				COPY_PHASE_STRIP = NO;
				DEBUG_INFORMATION_FORMAT = dwarf;
				ENABLE_STRICT_OBJC_MSGSEND = YES;
				ENABLE_TESTABILITY = YES;
				GCC_C_LANGUAGE_STANDARD = gnu11;
				GCC_DYNAMIC_NO_PIC = NO;
				GCC_NO_COMMON_BLOCKS = YES;
				GCC_OPTIMIZATION_LEVEL = 0;
				GCC_PREPROCESSOR_DEFINITIONS = (
					"DEBUG=1",
					"$(inherited)",
				);
				GCC_WARN_64_TO_32_BIT_CONVERSION = YES;
				GCC_WARN_ABOUT_RETURN_TYPE = YES_ERROR;
				GCC_WARN_UNDECLARED_SELECTOR = YES;
				GCC_WARN_UNINITIALIZED_AUTOS = YES_AGGRESSIVE;
				GCC_WARN_UNUSED_FUNCTION = YES;
				GCC_WARN_UNUSED_VARIABLE = YES;
				IPHONEOS_DEPLOYMENT_TARGET = 15.5;
				MTL_ENABLE_DEBUG_INFO = INCLUDE_SOURCE;
				MTL_FAST_MATH = YES;
				ONLY_ACTIVE_ARCH = YES;
				SDKROOT = iphoneos;
				SWIFT_ACTIVE_COMPILATION_CONDITIONS = DEBUG;
				SWIFT_OPTIMIZATION_LEVEL = "-Onone";
			};
			name = Debug;
		};
		660C181A286C8A4D00BBC500 /* Release */ = {
			isa = XCBuildConfiguration;
			buildSettings = {
				ALWAYS_SEARCH_USER_PATHS = NO;
				CLANG_ANALYZER_NONNULL = YES;
				CLANG_ANALYZER_NUMBER_OBJECT_CONVERSION = YES_AGGRESSIVE;
				CLANG_CXX_LANGUAGE_STANDARD = "gnu++17";
				CLANG_ENABLE_MODULES = YES;
				CLANG_ENABLE_OBJC_ARC = YES;
				CLANG_ENABLE_OBJC_WEAK = YES;
				CLANG_WARN_BLOCK_CAPTURE_AUTORELEASING = YES;
				CLANG_WARN_BOOL_CONVERSION = YES;
				CLANG_WARN_COMMA = YES;
				CLANG_WARN_CONSTANT_CONVERSION = YES;
				CLANG_WARN_DEPRECATED_OBJC_IMPLEMENTATIONS = YES;
				CLANG_WARN_DIRECT_OBJC_ISA_USAGE = YES_ERROR;
				CLANG_WARN_DOCUMENTATION_COMMENTS = YES;
				CLANG_WARN_EMPTY_BODY = YES;
				CLANG_WARN_ENUM_CONVERSION = YES;
				CLANG_WARN_INFINITE_RECURSION = YES;
				CLANG_WARN_INT_CONVERSION = YES;
				CLANG_WARN_NON_LITERAL_NULL_CONVERSION = YES;
				CLANG_WARN_OBJC_IMPLICIT_RETAIN_SELF = YES;
				CLANG_WARN_OBJC_LITERAL_CONVERSION = YES;
				CLANG_WARN_OBJC_ROOT_CLASS = YES_ERROR;
				CLANG_WARN_QUOTED_INCLUDE_IN_FRAMEWORK_HEADER = YES;
				CLANG_WARN_RANGE_LOOP_ANALYSIS = YES;
				CLANG_WARN_STRICT_PROTOTYPES = YES;
				CLANG_WARN_SUSPICIOUS_MOVE = YES;
				CLANG_WARN_UNGUARDED_AVAILABILITY = YES_AGGRESSIVE;
				CLANG_WARN_UNREACHABLE_CODE = YES;
				CLANG_WARN__DUPLICATE_METHOD_MATCH = YES;
				COPY_PHASE_STRIP = NO;
				DEBUG_INFORMATION_FORMAT = "dwarf-with-dsym";
				ENABLE_NS_ASSERTIONS = NO;
				ENABLE_STRICT_OBJC_MSGSEND = YES;
				GCC_C_LANGUAGE_STANDARD = gnu11;
				GCC_NO_COMMON_BLOCKS = YES;
				GCC_WARN_64_TO_32_BIT_CONVERSION = YES;
				GCC_WARN_ABOUT_RETURN_TYPE = YES_ERROR;
				GCC_WARN_UNDECLARED_SELECTOR = YES;
				GCC_WARN_UNINITIALIZED_AUTOS = YES_AGGRESSIVE;
				GCC_WARN_UNUSED_FUNCTION = YES;
				GCC_WARN_UNUSED_VARIABLE = YES;
				IPHONEOS_DEPLOYMENT_TARGET = 15.5;
				MTL_ENABLE_DEBUG_INFO = NO;
				MTL_FAST_MATH = YES;
				SDKROOT = iphoneos;
				SWIFT_COMPILATION_MODE = wholemodule;
				SWIFT_OPTIMIZATION_LEVEL = "-O";
				VALIDATE_PRODUCT = YES;
			};
			name = Release;
		};
		660C181C286C8A4D00BBC500 /* Debug */ = {
			isa = XCBuildConfiguration;
			buildSettings = {
				ASSETCATALOG_COMPILER_APPICON_NAME = AppIcon;
				ASSETCATALOG_COMPILER_GLOBAL_ACCENT_COLOR_NAME = AccentColor;
				CODE_SIGN_STYLE = Automatic;
				CURRENT_PROJECT_VERSION = 1;
				DEVELOPMENT_TEAM = X93R9HJCHW;
				GENERATE_INFOPLIST_FILE = YES;
				INFOPLIST_FILE = ChooseWisely/Info.plist;
				INFOPLIST_KEY_UIApplicationSupportsIndirectInputEvents = YES;
				INFOPLIST_KEY_UILaunchStoryboardName = LaunchScreen;
				INFOPLIST_KEY_UIMainStoryboardFile = Main;
				INFOPLIST_KEY_UISupportedInterfaceOrientations_iPad = "UIInterfaceOrientationPortrait UIInterfaceOrientationPortraitUpsideDown UIInterfaceOrientationLandscapeLeft UIInterfaceOrientationLandscapeRight";
				INFOPLIST_KEY_UISupportedInterfaceOrientations_iPhone = "UIInterfaceOrientationPortrait UIInterfaceOrientationLandscapeLeft UIInterfaceOrientationLandscapeRight";
				LD_RUNPATH_SEARCH_PATHS = (
					"$(inherited)",
					"@executable_path/Frameworks",
				);
				MARKETING_VERSION = 1.0;
				PRODUCT_BUNDLE_IDENTIFIER = backFrontAcademy.ChooseWisely;
				PRODUCT_NAME = "$(TARGET_NAME)";
				SWIFT_EMIT_LOC_STRINGS = YES;
				SWIFT_VERSION = 5.0;
				TARGETED_DEVICE_FAMILY = "1,2";
			};
			name = Debug;
		};
		660C181D286C8A4D00BBC500 /* Release */ = {
			isa = XCBuildConfiguration;
			buildSettings = {
				ASSETCATALOG_COMPILER_APPICON_NAME = AppIcon;
				ASSETCATALOG_COMPILER_GLOBAL_ACCENT_COLOR_NAME = AccentColor;
				CODE_SIGN_STYLE = Automatic;
				CURRENT_PROJECT_VERSION = 1;
				DEVELOPMENT_TEAM = X93R9HJCHW;
				GENERATE_INFOPLIST_FILE = YES;
				INFOPLIST_FILE = ChooseWisely/Info.plist;
				INFOPLIST_KEY_UIApplicationSupportsIndirectInputEvents = YES;
				INFOPLIST_KEY_UILaunchStoryboardName = LaunchScreen;
				INFOPLIST_KEY_UIMainStoryboardFile = Main;
				INFOPLIST_KEY_UISupportedInterfaceOrientations_iPad = "UIInterfaceOrientationPortrait UIInterfaceOrientationPortraitUpsideDown UIInterfaceOrientationLandscapeLeft UIInterfaceOrientationLandscapeRight";
				INFOPLIST_KEY_UISupportedInterfaceOrientations_iPhone = "UIInterfaceOrientationPortrait UIInterfaceOrientationLandscapeLeft UIInterfaceOrientationLandscapeRight";
				LD_RUNPATH_SEARCH_PATHS = (
					"$(inherited)",
					"@executable_path/Frameworks",
				);
				MARKETING_VERSION = 1.0;
				PRODUCT_BUNDLE_IDENTIFIER = backFrontAcademy.ChooseWisely;
				PRODUCT_NAME = "$(TARGET_NAME)";
				SWIFT_EMIT_LOC_STRINGS = YES;
				SWIFT_VERSION = 5.0;
				TARGETED_DEVICE_FAMILY = "1,2";
			};
			name = Release;
		};
/* End XCBuildConfiguration section */

/* Begin XCConfigurationList section */
		660C1802286C8A4800BBC500 /* Build configuration list for PBXProject "ChooseWisely" */ = {
			isa = XCConfigurationList;
			buildConfigurations = (
				660C1819286C8A4D00BBC500 /* Debug */,
				660C181A286C8A4D00BBC500 /* Release */,
			);
			defaultConfigurationIsVisible = 0;
			defaultConfigurationName = Release;
		};
		660C181B286C8A4D00BBC500 /* Build configuration list for PBXNativeTarget "ChooseWisely" */ = {
			isa = XCConfigurationList;
			buildConfigurations = (
				660C181C286C8A4D00BBC500 /* Debug */,
				660C181D286C8A4D00BBC500 /* Release */,
			);
			defaultConfigurationIsVisible = 0;
			defaultConfigurationName = Release;
		};
/* End XCConfigurationList section */
	};
	rootObject = 660C17FF286C8A4800BBC500 /* Project object */;
}
